
Microsoft Visual Studio Solution File, Format Version 12.00
Project("{FAE04EC0-301F-11D3-BF4B-00C04F79EFBC}") = "MILS.Web", "MILS.Web\MILS.Web.csproj", "{6994C12D-EF48-4414-98CD-55007033B1A3}"
EndProject
Project("{FAE04EC0-301F-11D3-BF4B-00C04F79EFBC}") = "MILS.Domain", "MILS.Domain\MILS.Domain.csproj", "{275A5E6B-0C63-46F5-8D4B-4A7B40DDFCA5}"
EndProject
Project("{FAE04EC0-301F-11D3-BF4B-00C04F79EFBC}") = "MILS.Infrastructure", "MILS.Infrastructure\MILS.Infrastructure.csproj", "{0A3C07BE-562C-4D61-A769-1B53487EFF55}"
EndProject
Global
	GlobalSection(SolutionConfigurationPlatforms) = preSolution
		Debug|Any CPU = Debug|Any CPU
		Release|Any CPU = Release|Any CPU
	EndGlobalSection
	GlobalSection(ProjectConfigurationPlatforms) = postSolution
		{6994C12D-EF48-4414-98CD-55007033B1A3}.Debug|Any CPU.ActiveCfg = Debug|Any CPU
		{6994C12D-EF48-4414-98CD-55007033B1A3}.Debug|Any CPU.Build.0 = Debug|Any CPU
		{6994C12D-EF48-4414-98CD-55007033B1A3}.Release|Any CPU.ActiveCfg = Release|Any CPU
		{6994C12D-EF48-4414-98CD-55007033B1A3}.Release|Any CPU.Build.0 = Release|Any CPU
		{275A5E6B-0C63-46F5-8D4B-4A7B40DDFCA5}.Debug|Any CPU.ActiveCfg = Debug|Any CPU
		{275A5E6B-0C63-46F5-8D4B-4A7B40DDFCA5}.Debug|Any CPU.Build.0 = Debug|Any CPU
		{275A5E6B-0C63-46F5-8D4B-4A7B40DDFCA5}.Release|Any CPU.ActiveCfg = Release|Any CPU
		{275A5E6B-0C63-46F5-8D4B-4A7B40DDFCA5}.Release|Any CPU.Build.0 = Release|Any CPU
		{0A3C07BE-562C-4D61-A769-1B53487EFF55}.Debug|Any CPU.ActiveCfg = Debug|Any CPU
		{0A3C07BE-562C-4D61-A769-1B53487EFF55}.Debug|Any CPU.Build.0 = Debug|Any CPU
		{0A3C07BE-562C-4D61-A769-1B53487EFF55}.Release|Any CPU.ActiveCfg = Release|Any CPU
		{0A3C07BE-562C-4D61-A769-1B53487EFF55}.Release|Any CPU.Build.0 = Release|Any CPU
	EndGlobalSection
EndGlobal
